
Microsoft Visual Studio Solution File, Format Version 12.00
# Visual Studio Version 17
VisualStudioVersion = 17.5.33627.172
MinimumVisualStudioVersion = 10.0.40219.1
Project("{00D1A9C2-B5F0-4AF3-8072-F6C62B433612}") = "GymDB", "GymDB.sqlproj", "{082B89E2-A0D8-44E8-909E-59A83F7F5916}"
EndProject
Global
	GlobalSection(SolutionConfigurationPlatforms) = preSolution
		Debug|Any CPU = Debug|Any CPU
		Release|Any CPU = Release|Any CPU
	EndGlobalSection
	GlobalSection(ProjectConfigurationPlatforms) = postSolution
		{082B89E2-A0D8-44E8-909E-59A83F7F5916}.Debug|Any CPU.ActiveCfg = Debug|Any CPU
		{082B89E2-A0D8-44E8-909E-59A83F7F5916}.Debug|Any CPU.Build.0 = Debug|Any CPU
		{082B89E2-A0D8-44E8-909E-59A83F7F5916}.Debug|Any CPU.Deploy.0 = Debug|Any CPU
		{082B89E2-A0D8-44E8-909E-59A83F7F5916}.Release|Any CPU.ActiveCfg = Release|Any CPU
		{082B89E2-A0D8-44E8-909E-59A83F7F5916}.Release|Any CPU.Build.0 = Release|Any CPU
		{082B89E2-A0D8-44E8-909E-59A83F7F5916}.Release|Any CPU.Deploy.0 = Release|Any CPU
	EndGlobalSection
	GlobalSection(SolutionProperties) = preSolution
		HideSolutionNode = FALSE
	EndGlobalSection
	GlobalSection(ExtensibilityGlobals) = postSolution
		SolutionGuid = {C1C83545-0E17-4C74-AD55-29A70C81BE72}
	EndGlobalSection
EndGlobal
